
Microsoft Visual Studio Solution File, Format Version 12.00
# Visual Studio 14
VisualStudioVersion = 14.0.25420.1
MinimumVisualStudioVersion = 10.0.40219.1
Project("{FAE04EC0-301F-11D3-BF4B-00C04F79EFBC}") = "Implementations", "Implementations\Implementations.csproj", "{DD136212-70D9-4CC1-A65C-472029B92B64}"
EndProject
Project("{FAE04EC0-301F-11D3-BF4B-00C04F79EFBC}") = "Contests", "Contests\Contests.csproj", "{F03D357C-CA55-4723-9658-ADED98D3ED02}"
EndProject
Project("{FAE04EC0-301F-11D3-BF4B-00C04F79EFBC}") = "Sorting", "Sorting\Sorting.csproj", "{2C0E174C-603B-45F3-B45A-E04BB3D04350}"
EndProject
Project("{2150E333-8FDC-42A3-9474-1A3956D46DE8}") = "Data Structures", "Data Structures", "{6CFBE39B-66DC-4FAA-9CB4-90692547E356}"
EndProject
Project("{FAE04EC0-301F-11D3-BF4B-00C04F79EFBC}") = "Arrays", "Arrays\Arrays.csproj", "{E5FFD0F0-204C-42DA-93EB-69B519C6134D}"
EndProject
Global
	GlobalSection(SolutionConfigurationPlatforms) = preSolution
		Debug|Any CPU = Debug|Any CPU
		Release|Any CPU = Release|Any CPU
	EndGlobalSection
	GlobalSection(ProjectConfigurationPlatforms) = postSolution
		{DD136212-70D9-4CC1-A65C-472029B92B64}.Debug|Any CPU.ActiveCfg = Debug|Any CPU
		{DD136212-70D9-4CC1-A65C-472029B92B64}.Debug|Any CPU.Build.0 = Debug|Any CPU
		{DD136212-70D9-4CC1-A65C-472029B92B64}.Release|Any CPU.ActiveCfg = Release|Any CPU
		{DD136212-70D9-4CC1-A65C-472029B92B64}.Release|Any CPU.Build.0 = Release|Any CPU
		{F03D357C-CA55-4723-9658-ADED98D3ED02}.Debug|Any CPU.ActiveCfg = Debug|Any CPU
		{F03D357C-CA55-4723-9658-ADED98D3ED02}.Debug|Any CPU.Build.0 = Debug|Any CPU
		{F03D357C-CA55-4723-9658-ADED98D3ED02}.Release|Any CPU.ActiveCfg = Release|Any CPU
		{F03D357C-CA55-4723-9658-ADED98D3ED02}.Release|Any CPU.Build.0 = Release|Any CPU
		{2C0E174C-603B-45F3-B45A-E04BB3D04350}.Debug|Any CPU.ActiveCfg = Debug|Any CPU
		{2C0E174C-603B-45F3-B45A-E04BB3D04350}.Debug|Any CPU.Build.0 = Debug|Any CPU
		{2C0E174C-603B-45F3-B45A-E04BB3D04350}.Release|Any CPU.ActiveCfg = Release|Any CPU
		{2C0E174C-603B-45F3-B45A-E04BB3D04350}.Release|Any CPU.Build.0 = Release|Any CPU
		{E5FFD0F0-204C-42DA-93EB-69B519C6134D}.Debug|Any CPU.ActiveCfg = Debug|Any CPU
		{E5FFD0F0-204C-42DA-93EB-69B519C6134D}.Debug|Any CPU.Build.0 = Debug|Any CPU
		{E5FFD0F0-204C-42DA-93EB-69B519C6134D}.Release|Any CPU.ActiveCfg = Release|Any CPU
		{E5FFD0F0-204C-42DA-93EB-69B519C6134D}.Release|Any CPU.Build.0 = Release|Any CPU
	EndGlobalSection
	GlobalSection(SolutionProperties) = preSolution
		HideSolutionNode = FALSE
	EndGlobalSection
	GlobalSection(NestedProjects) = preSolution
		{E5FFD0F0-204C-42DA-93EB-69B519C6134D} = {6CFBE39B-66DC-4FAA-9CB4-90692547E356}
	EndGlobalSection
EndGlobal
